
Microsoft Visual Studio Solution File, Format Version 12.00
# Visual Studio Version 17
VisualStudioVersion = 17.3.32804.467
MinimumVisualStudioVersion = 10.0.40219.1
Project("{9A19103F-16F7-4668-BE54-9A1E7A4F7556}") = "UserRegistration", "UserRegistration\UserRegistration.csproj", "{4CD142DB-098F-4EBE-8B19-0B1CC37EAC4B}"
EndProject
Global
	GlobalSection(SolutionConfigurationPlatforms) = preSolution
		Debug|Any CPU = Debug|Any CPU
		Release|Any CPU = Release|Any CPU
	EndGlobalSection
	GlobalSection(ProjectConfigurationPlatforms) = postSolution
		{4CD142DB-098F-4EBE-8B19-0B1CC37EAC4B}.Debug|Any CPU.ActiveCfg = Debug|Any CPU
		{4CD142DB-098F-4EBE-8B19-0B1CC37EAC4B}.Debug|Any CPU.Build.0 = Debug|Any CPU
		{4CD142DB-098F-4EBE-8B19-0B1CC37EAC4B}.Release|Any CPU.ActiveCfg = Release|Any CPU
		{4CD142DB-098F-4EBE-8B19-0B1CC37EAC4B}.Release|Any CPU.Build.0 = Release|Any CPU
	EndGlobalSection
	GlobalSection(SolutionProperties) = preSolution
		HideSolutionNode = FALSE
	EndGlobalSection
	GlobalSection(ExtensibilityGlobals) = postSolution
		SolutionGuid = {F59B52DD-91D1-4066-B32D-2A3B6797535D}
	EndGlobalSection
EndGlobal
